
Microsoft Visual Studio Solution File, Format Version 12.00
# Visual Studio Version 17
VisualStudioVersion = 17.8.34330.188
MinimumVisualStudioVersion = 10.0.40219.1
Project("{FAE04EC0-301F-11D3-BF4B-00C04F79EFBC}") = "MagicVilla_villaApi", "MagicVilla_villaApi\MagicVilla_villaApi.csproj", "{D101732B-788B-4CA3-9936-CAC4F0B75814}"
EndProject
Global
	GlobalSection(SolutionConfigurationPlatforms) = preSolution
		Debug|Any CPU = Debug|Any CPU
		Release|Any CPU = Release|Any CPU
	EndGlobalSection
	GlobalSection(ProjectConfigurationPlatforms) = postSolution
		{D101732B-788B-4CA3-9936-CAC4F0B75814}.Debug|Any CPU.ActiveCfg = Debug|Any CPU
		{D101732B-788B-4CA3-9936-CAC4F0B75814}.Debug|Any CPU.Build.0 = Debug|Any CPU
		{D101732B-788B-4CA3-9936-CAC4F0B75814}.Release|Any CPU.ActiveCfg = Release|Any CPU
		{D101732B-788B-4CA3-9936-CAC4F0B75814}.Release|Any CPU.Build.0 = Release|Any CPU
	EndGlobalSection
	GlobalSection(SolutionProperties) = preSolution
		HideSolutionNode = FALSE
	EndGlobalSection
	GlobalSection(ExtensibilityGlobals) = postSolution
		SolutionGuid = {9080175D-A128-4669-A422-FFB8144BF670}
	EndGlobalSection
EndGlobal
